// !$*UTF8*$!
{
	archiveVersion = 1;
	classes = {
	};
	objectVersion = 46;
	objects = {

/* Begin PBXBuildFile section */
		E848C4361F330A9100BE23AD /* main.m in Sources */ = {isa = PBXBuildFile; fileRef = E848C4351F330A9100BE23AD /* main.m */; };
		E848C4391F330A9100BE23AD /* AppDelegate.m in Sources */ = {isa = PBXBuildFile; fileRef = E848C4381F330A9100BE23AD /* AppDelegate.m */; };
		E848C43C1F330A9200BE23AD /* ViewController.m in Sources */ = {isa = PBXBuildFile; fileRef = E848C43B1F330A9200BE23AD /* ViewController.m */; };
		E848C43F1F330A9200BE23AD /* Main.storyboard in Resources */ = {isa = PBXBuildFile; fileRef = E848C43D1F330A9200BE23AD /* Main.storyboard */; };
		E848C4411F330A9200BE23AD /* Assets.xcassets in Resources */ = {isa = PBXBuildFile; fileRef = E848C4401F330A9200BE23AD /* Assets.xcassets */; };
		E848C4441F330A9300BE23AD /* LaunchScreen.storyboard in Resources */ = {isa = PBXBuildFile; fileRef = E848C4421F330A9300BE23AD /* LaunchScreen.storyboard */; };
/* End PBXBuildFile section */

/* Begin PBXFileReference section */
		E848C4311F330A9100BE23AD /* Bluetooth.app */ = {isa = PBXFileReference; explicitFileType = wrapper.application; includeInIndex = 0; path = Bluetooth.app; sourceTree = BUILT_PRODUCTS_DIR; };
		E848C4351F330A9100BE23AD /* main.m */ = {isa = PBXFileReference; lastKnownFileType = sourcecode.c.objc; path = main.m; sourceTree = "<group>"; };
		E848C4371F330A9100BE23AD /* AppDelegate.h */ = {isa = PBXFileReference; lastKnownFileType = sourcecode.c.h; path = AppDelegate.h; sourceTree = "<group>"; };
		E848C4381F330A9100BE23AD /* AppDelegate.m */ = {isa = PBXFileReference; lastKnownFileType = sourcecode.c.objc; path = AppDelegate.m; sourceTree = "<group>"; };
		E848C43A1F330A9100BE23AD /* ViewController.h */ = {isa = PBXFileReference; lastKnownFileType = sourcecode.c.h; path = ViewController.h; sourceTree = "<group>"; };
		E848C43B1F330A9200BE23AD /* ViewController.m */ = {isa = PBXFileReference; lastKnownFileType = sourcecode.c.objc; path = ViewController.m; sourceTree = "<group>"; };
		E848C43E1F330A9200BE23AD /* Base */ = {isa = PBXFileReference; lastKnownFileType = file.storyboard; name = Base; path = Base.lproj/Main.storyboard; sourceTree = "<group>"; };
		E848C4401F330A9200BE23AD /* Assets.xcassets */ = {isa = PBXFileReference; lastKnownFileType = folder.assetcatalog; path = Assets.xcassets; sourceTree = "<group>"; };
		E848C4431F330A9300BE23AD /* Base */ = {isa = PBXFileReference; lastKnownFileType = file.storyboard; name = Base; path = Base.lproj/LaunchScreen.storyboard; sourceTree = "<group>"; };
		E848C4451F330A9300BE23AD /* Info.plist */ = {isa = PBXFileReference; lastKnownFileType = text.plist.xml; path = Info.plist; sourceTree = "<group>"; };
/* End PBXFileReference section */

/* Begin PBXFrameworksBuildPhase section */
		E848C42E1F330A9000BE23AD /* Frameworks */ = {
			isa = PBXFrameworksBuildPhase;
			buildActionMask = 2147483647;
			files = (
			);
			runOnlyForDeploymentPostprocessing = 0;
		};
/* End PBXFrameworksBuildPhase section */

/* Begin PBXGroup section */
		E848C4281F330A9000BE23AD = {
			isa = PBXGroup;
			children = (
				E848C4331F330A9100BE23AD /* Bluetooth */,
				E848C4321F330A9100BE23AD /* Products */,
			);
			sourceTree = "<group>";
		};
		E848C4321F330A9100BE23AD /* Products */ = {
			isa = PBXGroup;
			children = (
				E848C4311F330A9100BE23AD /* Bluetooth.app */,
			);
			name = Products;
			sourceTree = "<group>";
		};
		E848C4331F330A9100BE23AD /* Bluetooth */ = {
			isa = PBXGroup;
			children = (
				E848C4371F330A9100BE23AD /* AppDelegate.h */,
				E848C4381F330A9100BE23AD /* AppDelegate.m */,
				E848C43A1F330A9100BE23AD /* ViewController.h */,
				E848C43B1F330A9200BE23AD /* ViewController.m */,
				E848C43D1F330A9200BE23AD /* Main.storyboard */,
				E848C4401F330A9200BE23AD /* Assets.xcassets */,
				E848C4421F330A9300BE23AD /* LaunchScreen.storyboard */,
				E848C4451F330A9300BE23AD /* Info.plist */,
				E848C4341F330A9100BE23AD /* Supporting Files */,
			);
			path = Bluetooth;
			sourceTree = "<group>";
		};
		E848C4341F330A9100BE23AD /* Supporting Files */ = {
			isa = PBXGroup;
			children = (
				E848C4351F330A9100BE23AD /* main.m */,
			);
			name = "Supporting Files";
			sourceTree = "<group>";
		};
/* End PBXGroup section */

/* Begin PBXNativeTarget section */
		E848C4301F330A9000BE23AD /* Bluetooth */ = {
			isa = PBXNativeTarget;
			buildConfigurationList = E848C4481F330A9300BE23AD /* Build configuration list for PBXNativeTarget "Bluetooth" */;
			buildPhases = (
				E848C42D1F330A9000BE23AD /* Sources */,
				E848C42E1F330A9000BE23AD /* Frameworks */,
				E848C42F1F330A9000BE23AD /* Resources */,
			);
			buildRules = (
			);
			dependencies = (
			);
			name = Bluetooth;
			productName = Bluetooth;
			productReference = E848C4311F330A9100BE23AD /* Bluetooth.app */;
			productType = "com.apple.product-type.application";
		};
/* End PBXNativeTarget section */

/* Begin PBXProject section */
		E848C4291F330A9000BE23AD /* Project object */ = {
			isa = PBXProject;
			attributes = {
				LastUpgradeCheck = 0830;
				ORGANIZATIONNAME = "Blaze Automation";
				TargetAttributes = {
					E848C4301F330A9000BE23AD = {
						CreatedOnToolsVersion = 8.3.1;
						DevelopmentTeam = 59QLNNM3W6;
						ProvisioningStyle = Manual;
					};
				};
			};
			buildConfigurationList = E848C42C1F330A9000BE23AD /* Build configuration list for PBXProject "Bluetooth" */;
			compatibilityVersion = "Xcode 3.2";
			developmentRegion = English;
			hasScannedForEncodings = 0;
			knownRegions = (
				en,
				Base,
			);
			mainGroup = E848C4281F330A9000BE23AD;
			productRefGroup = E848C4321F330A9100BE23AD /* Products */;
			projectDirPath = "";
			projectRoot = "";
			targets = (
				E848C4301F330A9000BE23AD /* Bluetooth */,
			);
		};
/* End PBXProject section */

/* Begin PBXResourcesBuildPhase section */
		E848C42F1F330A9000BE23AD /* Resources */ = {
			isa = PBXResourcesBuildPhase;
			buildActionMask = 2147483647;
			files = (
				E848C4441F330A9300BE23AD /* LaunchScreen.storyboard in Resources */,
				E848C4411F330A9200BE23AD /* Assets.xcassets in Resources */,
				E848C43F1F330A9200BE23AD /* Main.storyboard in Resources */,
			);
			runOnlyForDeploymentPostprocessing = 0;
		};
/* End PBXResourcesBuildPhase section */

/* Begin PBXSourcesBuildPhase section */
		E848C42D1F330A9000BE23AD /* Sources */ = {
			isa = PBXSourcesBuildPhase;
			buildActionMask = 2147483647;
			files = (
				E848C43C1F330A9200BE23AD /* ViewController.m in Sources */,
				E848C4391F330A9100BE23AD /* AppDelegate.m in Sources */,
				E848C4361F330A9100BE23AD /* main.m in Sources */,
			);
			runOnlyForDeploymentPostprocessing = 0;
		};
/* End PBXSourcesBuildPhase section */

/* Begin PBXVariantGroup section */
		E848C43D1F330A9200BE23AD /* Main.storyboard */ = {
			isa = PBXVariantGroup;
			children = (
				E848C43E1F330A9200BE23AD /* Base */,
			);
			name = Main.storyboard;
			sourceTree = "<group>";
		};
		E848C4421F330A9300BE23AD /* LaunchScreen.storyboard */ = {
			isa = PBXVariantGroup;
			children = (
				E848C4431F330A9300BE23AD /* Base */,
			);
			name = LaunchScreen.storyboard;
			sourceTree = "<group>";
		};
/* End PBXVariantGroup section */

/* Begin XCBuildConfiguration section */
		E848C4461F330A9300BE23AD /* Debug */ = {
			isa = XCBuildConfiguration;
			buildSettings = {
				ALWAYS_SEARCH_USER_PATHS = NO;
				CLANG_ANALYZER_NONNULL = YES;
				CLANG_ANALYZER_NUMBER_OBJECT_CONVERSION = YES_AGGRESSIVE;
				CLANG_CXX_LANGUAGE_STANDARD = "gnu++0x";
				CLANG_CXX_LIBRARY = "libc++";
				CLANG_ENABLE_MODULES = YES;
				CLANG_ENABLE_OBJC_ARC = YES;
				CLANG_WARN_BOOL_CONVERSION = YES;
				CLANG_WARN_CONSTANT_CONVERSION = YES;
				CLANG_WARN_DIRECT_OBJC_ISA_USAGE = YES_ERROR;
				CLANG_WARN_DOCUMENTATION_COMMENTS = YES;
				CLANG_WARN_EMPTY_BODY = YES;
				CLANG_WARN_ENUM_CONVERSION = YES;
				CLANG_WARN_INFINITE_RECURSION = YES;
				CLANG_WARN_INT_CONVERSION = YES;
				CLANG_WARN_OBJC_ROOT_CLASS = YES_ERROR;
				CLANG_WARN_SUSPICIOUS_MOVE = YES;
				CLANG_WARN_UNREACHABLE_CODE = YES;
				CLANG_WARN__DUPLICATE_METHOD_MATCH = YES;
				"CODE_SIGN_IDENTITY[sdk=iphoneos*]" = "iPhone Developer";
				COPY_PHASE_STRIP = NO;
				DEBUG_INFORMATION_FORMAT = dwarf;
				ENABLE_STRICT_OBJC_MSGSEND = YES;
				ENABLE_TESTABILITY = YES;
				GCC_C_LANGUAGE_STANDARD = gnu99;
				GCC_DYNAMIC_NO_PIC = NO;
				GCC_NO_COMMON_BLOCKS = YES;
				GCC_OPTIMIZATION_LEVEL = 0;
				GCC_PREPROCESSOR_DEFINITIONS = (
					"DEBUG=1",
					"$(inherited)",
				);
				GCC_WARN_64_TO_32_BIT_CONVERSION = YES;
				GCC_WARN_ABOUT_RETURN_TYPE = YES_ERROR;
				GCC_WARN_UNDECLARED_SELECTOR = YES;
				GCC_WARN_UNINITIALIZED_AUTOS = YES_AGGRESSIVE;
				GCC_WARN_UNUSED_FUNCTION = YES;
				GCC_WARN_UNUSED_VARIABLE = YES;
				IPHONEOS_DEPLOYMENT_TARGET = 10.3;
				MTL_ENABLE_DEBUG_INFO = YES;
				ONLY_ACTIVE_ARCH = YES;
				SDKROOT = iphoneos;
				TARGETED_DEVICE_FAMILY = "1,2";
			};
			name = Debug;
		};
		E848C4471F330A9300BE23AD /* Release */ = {
			isa = XCBuildConfiguration;
			buildSettings = {
				ALWAYS_SEARCH_USER_PATHS = NO;
				CLANG_ANALYZER_NONNULL = YES;
				CLANG_ANALYZER_NUMBER_OBJECT_CONVERSION = YES_AGGRESSIVE;
				CLANG_CXX_LANGUAGE_STANDARD = "gnu++0x";
				CLANG_CXX_LIBRARY = "libc++";
				CLANG_ENABLE_MODULES = YES;
				CLANG_ENABLE_OBJC_ARC = YES;
				CLANG_WARN_BOOL_CONVERSION = YES;
				CLANG_WARN_CONSTANT_CONVERSION = YES;
				CLANG_WARN_DIRECT_OBJC_ISA_USAGE = YES_ERROR;
				CLANG_WARN_DOCUMENTATION_COMMENTS = YES;
				CLANG_WARN_EMPTY_BODY = YES;
				CLANG_WARN_ENUM_CONVERSION = YES;
				CLANG_WARN_INFINITE_RECURSION = YES;
				CLANG_WARN_INT_CONVERSION = YES;
				CLANG_WARN_OBJC_ROOT_CLASS = YES_ERROR;
				CLANG_WARN_SUSPICIOUS_MOVE = YES;
				CLANG_WARN_UNREACHABLE_CODE = YES;
				CLANG_WARN__DUPLICATE_METHOD_MATCH = YES;
				"CODE_SIGN_IDENTITY[sdk=iphoneos*]" = "iPhone Developer";
				COPY_PHASE_STRIP = NO;
				DEBUG_INFORMATION_FORMAT = "dwarf-with-dsym";
				ENABLE_NS_ASSERTIONS = NO;
				ENABLE_STRICT_OBJC_MSGSEND = YES;
				GCC_C_LANGUAGE_STANDARD = gnu99;
				GCC_NO_COMMON_BLOCKS = YES;
				GCC_WARN_64_TO_32_BIT_CONVERSION = YES;
				GCC_WARN_ABOUT_RETURN_TYPE = YES_ERROR;
				GCC_WARN_UNDECLARED_SELECTOR = YES;
				GCC_WARN_UNINITIALIZED_AUTOS = YES_AGGRESSIVE;
				GCC_WARN_UNUSED_FUNCTION = YES;
				GCC_WARN_UNUSED_VARIABLE = YES;
				IPHONEOS_DEPLOYMENT_TARGET = 10.3;
				MTL_ENABLE_DEBUG_INFO = NO;
				SDKROOT = iphoneos;
				TARGETED_DEVICE_FAMILY = "1,2";
				VALIDATE_PRODUCT = YES;
			};
			name = Release;
		};
		E848C4491F330A9300BE23AD /* Debug */ = {
			isa = XCBuildConfiguration;
			buildSettings = {
				ASSETCATALOG_COMPILER_APPICON_NAME = AppIcon;
				DEVELOPMENT_TEAM = 59QLNNM3W6;
				INFOPLIST_FILE = Bluetooth/Info.plist;
				IPHONEOS_DEPLOYMENT_TARGET = 9.1;
				LD_RUNPATH_SEARCH_PATHS = "$(inherited) @executable_path/Frameworks";
				PRODUCT_BUNDLE_IDENTIFIER = com.BlazeAutomation.Bluetooth;
				PRODUCT_NAME = "$(TARGET_NAME)";
				PROVISIONING_PROFILE = "19b0c656-4efb-46d0-ac11-9386bf5aa038";
				PROVISIONING_PROFILE_SPECIFIER = WildCardDevelopmentProvisioningProfile;
			};
			name = Debug;
		};
		E848C44A1F330A9300BE23AD /* Release */ = {
			isa = XCBuildConfiguration;
			buildSettings = {
				ASSETCATALOG_COMPILER_APPICON_NAME = AppIcon;
				"CODE_SIGN_IDENTITY[sdk=iphoneos*]" = "iPhone Distribution";
				DEVELOPMENT_TEAM = 59QLNNM3W6;
				INFOPLIST_FILE = Bluetooth/Info.plist;
				IPHONEOS_DEPLOYMENT_TARGET = 9.1;
				LD_RUNPATH_SEARCH_PATHS = "$(inherited) @executable_path/Frameworks";
				PRODUCT_BUNDLE_IDENTIFIER = com.BlazeAutomation.Bluetooth;
				PRODUCT_NAME = "$(TARGET_NAME)";
				PROVISIONING_PROFILE = "8d191874-769e-4fc5-876d-45d50bcc7e04";
				PROVISIONING_PROFILE_SPECIFIER = "WildCard DistributionProfile";
			};
			name = Release;
		};
/* End XCBuildConfiguration section */

/* Begin XCConfigurationList section */
		E848C42C1F330A9000BE23AD /* Build configuration list for PBXProject "Bluetooth" */ = {
			isa = XCConfigurationList;
			buildConfigurations = (
				E848C4461F330A9300BE23AD /* Debug */,
				E848C4471F330A9300BE23AD /* Release */,
			);
			defaultConfigurationIsVisible = 0;
			defaultConfigurationName = Release;
		};
		E848C4481F330A9300BE23AD /* Build configuration list for PBXNativeTarget "Bluetooth" */ = {
			isa = XCConfigurationList;
			buildConfigurations = (
				E848C4491F330A9300BE23AD /* Debug */,
				E848C44A1F330A9300BE23AD /* Release */,
			);
			defaultConfigurationIsVisible = 0;
			defaultConfigurationName = Release;
		};
/* End XCConfigurationList section */
	};
	rootObject = E848C4291F330A9000BE23AD /* Project object */;
}
